
Microsoft Visual Studio Solution File, Format Version 12.00
# Visual Studio Version 17
VisualStudioVersion = 17.3.32922.545
MinimumVisualStudioVersion = 10.0.40219.1
Project("{8BC9CEB8-8B4A-11D0-8D11-00A0C91BC942}") = "cinemaAutomation", "cinemaAutomation.vcxproj", "{758F6179-EA15-45BA-9008-A69C40E40088}"
EndProject
Global
	GlobalSection(SolutionConfigurationPlatforms) = preSolution
		Debug|x64 = Debug|x64
		Debug|x86 = Debug|x86
		Release|x64 = Release|x64
		Release|x86 = Release|x86
	EndGlobalSection
	GlobalSection(ProjectConfigurationPlatforms) = postSolution
		{758F6179-EA15-45BA-9008-A69C40E40088}.Debug|x64.ActiveCfg = Debug|x64
		{758F6179-EA15-45BA-9008-A69C40E40088}.Debug|x64.Build.0 = Debug|x64
		{758F6179-EA15-45BA-9008-A69C40E40088}.Debug|x86.ActiveCfg = Debug|Win32
		{758F6179-EA15-45BA-9008-A69C40E40088}.Debug|x86.Build.0 = Debug|Win32
		{758F6179-EA15-45BA-9008-A69C40E40088}.Release|x64.ActiveCfg = Release|x64
		{758F6179-EA15-45BA-9008-A69C40E40088}.Release|x64.Build.0 = Release|x64
		{758F6179-EA15-45BA-9008-A69C40E40088}.Release|x86.ActiveCfg = Release|Win32
		{758F6179-EA15-45BA-9008-A69C40E40088}.Release|x86.Build.0 = Release|Win32
	EndGlobalSection
	GlobalSection(SolutionProperties) = preSolution
		HideSolutionNode = FALSE
	EndGlobalSection
	GlobalSection(ExtensibilityGlobals) = postSolution
		SolutionGuid = {6E5917FB-58C9-478E-B4BF-CBC7E8AC5236}
	EndGlobalSection
EndGlobal
